
Microsoft Visual Studio Solution File, Format Version 12.00
# Visual Studio Version 17
VisualStudioVersion = 17.8.34309.116
MinimumVisualStudioVersion = 10.0.40219.1
Project("{9A19103F-16F7-4668-BE54-9A1E7A4F7556}") = "AoC-2023-cs", "AoC-2023-cs.csproj", "{52B05E93-5BC3-49A2-82A3-54E6ED3BA50E}"
EndProject
Global
	GlobalSection(SolutionConfigurationPlatforms) = preSolution
		Debug|Any CPU = Debug|Any CPU
		Release|Any CPU = Release|Any CPU
	EndGlobalSection
	GlobalSection(ProjectConfigurationPlatforms) = postSolution
		{52B05E93-5BC3-49A2-82A3-54E6ED3BA50E}.Debug|Any CPU.ActiveCfg = Debug|Any CPU
		{52B05E93-5BC3-49A2-82A3-54E6ED3BA50E}.Debug|Any CPU.Build.0 = Debug|Any CPU
		{52B05E93-5BC3-49A2-82A3-54E6ED3BA50E}.Release|Any CPU.ActiveCfg = Release|Any CPU
		{52B05E93-5BC3-49A2-82A3-54E6ED3BA50E}.Release|Any CPU.Build.0 = Release|Any CPU
	EndGlobalSection
	GlobalSection(SolutionProperties) = preSolution
		HideSolutionNode = FALSE
	EndGlobalSection
	GlobalSection(ExtensibilityGlobals) = postSolution
		SolutionGuid = {1820E6DE-14FA-46B3-A214-9A40F5C77896}
	EndGlobalSection
EndGlobal
